// !$*UTF8*$!
{
	archiveVersion = 1;
	classes = {
	};
	objectVersion = 46;
	objects = {

/* Begin PBXBuildFile section */
		3F2D49E71E437E6D00458439 /* RealmModels.swift in Sources */ = {isa = PBXBuildFile; fileRef = 3F2D49E61E437E6D00458439 /* RealmModels.swift */; };
		3F2D49EC1E437E8B00458439 /* RealmWriter.swift in Sources */ = {isa = PBXBuildFile; fileRef = 3F2D49EB1E437E8B00458439 /* RealmWriter.swift */; };
		3F2D49EE1E437ED800458439 /* UserController.swift in Sources */ = {isa = PBXBuildFile; fileRef = 3F2D49ED1E437ED800458439 /* UserController.swift */; };
		3F3321691E340C29003D5855 /* CoreLocation.framework in Frameworks */ = {isa = PBXBuildFile; fileRef = 3F33215A1E340B81003D5855 /* CoreLocation.framework */; };
		3F4B617F1E0EC7BA00D6C0E2 /* PAbstractModel.swift in Sources */ = {isa = PBXBuildFile; fileRef = 3F4B617E1E0EC7BA00D6C0E2 /* PAbstractModel.swift */; };
		3F4B61811E10340700D6C0E2 /* JSONDeliverer.swift in Sources */ = {isa = PBXBuildFile; fileRef = 3F4B61801E10340700D6C0E2 /* JSONDeliverer.swift */; };
		3F4B61831E12F7F300D6C0E2 /* WeatherModel.swift in Sources */ = {isa = PBXBuildFile; fileRef = 3F4B61821E12F7F300D6C0E2 /* WeatherModel.swift */; };
		3F4B61851E13251200D6C0E2 /* DailyWeatherModel.swift in Sources */ = {isa = PBXBuildFile; fileRef = 3F4B61841E13251200D6C0E2 /* DailyWeatherModel.swift */; };
		3F6E2A1C1E3E92DB0035AF3D /* ChartManagerController.swift in Sources */ = {isa = PBXBuildFile; fileRef = 3F6E2A1B1E3E92DB0035AF3D /* ChartManagerController.swift */; };
		3FA5EECC1E3CB60B0094DE0A /* Charts.framework in Frameworks */ = {isa = PBXBuildFile; fileRef = 3FA5EEC71E3CB5F60094DE0A /* Charts.framework */; };
		3FD8317F1E43762D008B0395 /* Realm.framework in Frameworks */ = {isa = PBXBuildFile; fileRef = 3FD8317E1E43762D008B0395 /* Realm.framework */; };
		3FD831801E43762D008B0395 /* Realm.framework in Frameworks */ = {isa = PBXBuildFile; fileRef = 3FD8317E1E43762D008B0395 /* Realm.framework */; };
		3FD831811E43762D008B0395 /* Realm.framework in Frameworks */ = {isa = PBXBuildFile; fileRef = 3FD8317E1E43762D008B0395 /* Realm.framework */; };
		3FD831831E437664008B0395 /* RealmSwift.framework in Frameworks */ = {isa = PBXBuildFile; fileRef = 3FD831821E437664008B0395 /* RealmSwift.framework */; };
		3FD831841E437664008B0395 /* RealmSwift.framework in Frameworks */ = {isa = PBXBuildFile; fileRef = 3FD831821E437664008B0395 /* RealmSwift.framework */; };
		3FD831851E437664008B0395 /* RealmSwift.framework in Frameworks */ = {isa = PBXBuildFile; fileRef = 3FD831821E437664008B0395 /* RealmSwift.framework */; };
		3FE2F5A71E19BDCA005F1B2C /* WeatherController.swift in Sources */ = {isa = PBXBuildFile; fileRef = 3FE2F5A61E19BDCA005F1B2C /* WeatherController.swift */; };
		3FE8AC671E3CE1C90062A47B /* UserDataController.swift in Sources */ = {isa = PBXBuildFile; fileRef = 3FE8AC661E3CE1C90062A47B /* UserDataController.swift */; };
		3FEC866A1E05C61500C2886F /* AppDelegate.swift in Sources */ = {isa = PBXBuildFile; fileRef = 3FEC86691E05C61500C2886F /* AppDelegate.swift */; };
		3FEC866C1E05C61500C2886F /* ViewController.swift in Sources */ = {isa = PBXBuildFile; fileRef = 3FEC866B1E05C61500C2886F /* ViewController.swift */; };
		3FEC866F1E05C61500C2886F /* Main.storyboard in Resources */ = {isa = PBXBuildFile; fileRef = 3FEC866D1E05C61500C2886F /* Main.storyboard */; };
		3FEC86721E05C61500C2886F /* WheatHerApp.xcdatamodeld in Sources */ = {isa = PBXBuildFile; fileRef = 3FEC86701E05C61500C2886F /* WheatHerApp.xcdatamodeld */; };
		3FEC86741E05C61500C2886F /* Assets.xcassets in Resources */ = {isa = PBXBuildFile; fileRef = 3FEC86731E05C61500C2886F /* Assets.xcassets */; };
		3FEC86771E05C61500C2886F /* LaunchScreen.storyboard in Resources */ = {isa = PBXBuildFile; fileRef = 3FEC86751E05C61500C2886F /* LaunchScreen.storyboard */; };
		3FEC86821E05C61600C2886F /* WheatHerAppTests.swift in Sources */ = {isa = PBXBuildFile; fileRef = 3FEC86811E05C61600C2886F /* WheatHerAppTests.swift */; };
		3FEC868D1E05C61600C2886F /* WheatHerAppUITests.swift in Sources */ = {isa = PBXBuildFile; fileRef = 3FEC868C1E05C61600C2886F /* WheatHerAppUITests.swift */; };
		3FEC86A61E05E8EE00C2886F /* WeekDaysEnum.swift in Sources */ = {isa = PBXBuildFile; fileRef = 3FEC86A51E05E8EE00C2886F /* WeekDaysEnum.swift */; };
		3FEC86A81E05F51200C2886F /* FirstScreenView.swift in Sources */ = {isa = PBXBuildFile; fileRef = 3FEC86A71E05F51200C2886F /* FirstScreenView.swift */; };
		3FEC86B01E095B6100C2886F /* WhetherData.json in Resources */ = {isa = PBXBuildFile; fileRef = 3FEC86AF1E095B6100C2886F /* WhetherData.json */; };
		3FEC86B51E09613100C2886F /* MappingDataJSONToModel.swift in Sources */ = {isa = PBXBuildFile; fileRef = 3FEC86B41E09613100C2886F /* MappingDataJSONToModel.swift */; };
		3FEC86B71E09B68100C2886F /* JSONCustomParser.swift in Sources */ = {isa = PBXBuildFile; fileRef = 3FEC86B61E09B68100C2886F /* JSONCustomParser.swift */; };
		3FF66B7F1E312D40001AC49D /* Backgroundmanager.swift in Sources */ = {isa = PBXBuildFile; fileRef = 3FF66B7E1E312D40001AC49D /* Backgroundmanager.swift */; };
		3FFBE9A11E1C0CE0009373BA /* CustomTableViewController.swift in Sources */ = {isa = PBXBuildFile; fileRef = 3FFBE9A01E1C0CE0009373BA /* CustomTableViewController.swift */; };
		3FFBE9A51E20F124009373BA /* CacheManager.swift in Sources */ = {isa = PBXBuildFile; fileRef = 3FFBE9A41E20F124009373BA /* CacheManager.swift */; };
		3FFBE9AA1E2A85DA009373BA /* NetowrkDataErors.swift in Sources */ = {isa = PBXBuildFile; fileRef = 3FFBE9A91E2A85DA009373BA /* NetowrkDataErors.swift */; };
/* End PBXBuildFile section */

/* Begin PBXContainerItemProxy section */
		3FA5EEC61E3CB5F60094DE0A /* PBXContainerItemProxy */ = {
			isa = PBXContainerItemProxy;
			containerPortal = 3FA5EEC01E3CB5F60094DE0A /* Charts.xcodeproj */;
			proxyType = 2;
			remoteGlobalIDString = 06165F241D8110E600722320;
			remoteInfo = Charts;
		};
		3FA5EEC81E3CB5F60094DE0A /* PBXContainerItemProxy */ = {
			isa = PBXContainerItemProxy;
			containerPortal = 3FA5EEC01E3CB5F60094DE0A /* Charts.xcodeproj */;
			proxyType = 2;
			remoteGlobalIDString = 06B120D51D811E6200D14B02;
			remoteInfo = ChartsRealm;
		};
		3FA5EECA1E3CB5F60094DE0A /* PBXContainerItemProxy */ = {
			isa = PBXContainerItemProxy;
			containerPortal = 3FA5EEC01E3CB5F60094DE0A /* Charts.xcodeproj */;
			proxyType = 2;
			remoteGlobalIDString = 06165F2E1D8110E600722320;
			remoteInfo = ChartsTests;
		};
		3FEC867E1E05C61600C2886F /* PBXContainerItemProxy */ = {
			isa = PBXContainerItemProxy;
			containerPortal = 3FEC865E1E05C61500C2886F /* Project object */;
			proxyType = 1;
			remoteGlobalIDString = 3FEC86651E05C61500C2886F;
			remoteInfo = WheatHerApp;
		};
		3FEC86891E05C61600C2886F /* PBXContainerItemProxy */ = {
			isa = PBXContainerItemProxy;
			containerPortal = 3FEC865E1E05C61500C2886F /* Project object */;
			proxyType = 1;
			remoteGlobalIDString = 3FEC86651E05C61500C2886F;
			remoteInfo = WheatHerApp;
		};
/* End PBXContainerItemProxy section */

/* Begin PBXFileReference section */
		3F2D49E61E437E6D00458439 /* RealmModels.swift */ = {isa = PBXFileReference; fileEncoding = 4; lastKnownFileType = sourcecode.swift; path = RealmModels.swift; sourceTree = "<group>"; };
		3F2D49EB1E437E8B00458439 /* RealmWriter.swift */ = {isa = PBXFileReference; fileEncoding = 4; lastKnownFileType = sourcecode.swift; path = RealmWriter.swift; sourceTree = "<group>"; };
		3F2D49ED1E437ED800458439 /* UserController.swift */ = {isa = PBXFileReference; fileEncoding = 4; lastKnownFileType = sourcecode.swift; path = UserController.swift; sourceTree = "<group>"; };
		3F33215A1E340B81003D5855 /* CoreLocation.framework */ = {isa = PBXFileReference; lastKnownFileType = wrapper.framework; name = CoreLocation.framework; path = System/Library/Frameworks/CoreLocation.framework; sourceTree = SDKROOT; };
		3F33215C1E340B98003D5855 /* CoreMedia.framework */ = {isa = PBXFileReference; lastKnownFileType = wrapper.framework; name = CoreMedia.framework; path = System/Library/Frameworks/CoreMedia.framework; sourceTree = SDKROOT; };
		3F3321601E340BBB003D5855 /* CoreMIDI.framework */ = {isa = PBXFileReference; lastKnownFileType = wrapper.framework; name = CoreMIDI.framework; path = System/Library/Frameworks/CoreMIDI.framework; sourceTree = SDKROOT; };
		3F3321621E340BC4003D5855 /* AssetsLibrary.framework */ = {isa = PBXFileReference; lastKnownFileType = wrapper.framework; name = AssetsLibrary.framework; path = System/Library/Frameworks/AssetsLibrary.framework; sourceTree = SDKROOT; };
		3F3321671E340C10003D5855 /* AudioToolbox.framework */ = {isa = PBXFileReference; lastKnownFileType = wrapper.framework; name = AudioToolbox.framework; path = System/Library/Frameworks/AudioToolbox.framework; sourceTree = SDKROOT; };
		3F4B617E1E0EC7BA00D6C0E2 /* PAbstractModel.swift */ = {isa = PBXFileReference; fileEncoding = 4; lastKnownFileType = sourcecode.swift; path = PAbstractModel.swift; sourceTree = "<group>"; };
		3F4B61801E10340700D6C0E2 /* JSONDeliverer.swift */ = {isa = PBXFileReference; fileEncoding = 4; lastKnownFileType = sourcecode.swift; path = JSONDeliverer.swift; sourceTree = "<group>"; };
		3F4B61821E12F7F300D6C0E2 /* WeatherModel.swift */ = {isa = PBXFileReference; fileEncoding = 4; lastKnownFileType = sourcecode.swift; path = WeatherModel.swift; sourceTree = "<group>"; };
		3F4B61841E13251200D6C0E2 /* DailyWeatherModel.swift */ = {isa = PBXFileReference; fileEncoding = 4; lastKnownFileType = sourcecode.swift; path = DailyWeatherModel.swift; sourceTree = "<group>"; };
		3F6E2A1B1E3E92DB0035AF3D /* ChartManagerController.swift */ = {isa = PBXFileReference; fileEncoding = 4; lastKnownFileType = sourcecode.swift; path = ChartManagerController.swift; sourceTree = "<group>"; };
		3FA5EEBC1E3CB5380094DE0A /* Charts-master */ = {isa = PBXFileReference; lastKnownFileType = folder; name = "Charts-master"; path = "../../Downloads/Charts-master"; sourceTree = "<group>"; };
		3FA5EEBE1E3CB54D0094DE0A /* ChartsDemo-OSX */ = {isa = PBXFileReference; lastKnownFileType = folder; name = "ChartsDemo-OSX"; path = "../../Downloads/Charts-master/ChartsDemo-OSX"; sourceTree = "<group>"; };
		3FA5EEC01E3CB5F60094DE0A /* Charts.xcodeproj */ = {isa = PBXFileReference; lastKnownFileType = "wrapper.pb-project"; name = Charts.xcodeproj; path = "../../../Downloads/Charts-master/Charts.xcodeproj"; sourceTree = "<group>"; };
		3FD8317E1E43762D008B0395 /* Realm.framework */ = {isa = PBXFileReference; lastKnownFileType = wrapper.framework; path = Realm.framework; sourceTree = "<group>"; };
		3FD831821E437664008B0395 /* RealmSwift.framework */ = {isa = PBXFileReference; lastKnownFileType = wrapper.framework; path = RealmSwift.framework; sourceTree = "<group>"; };
		3FE2F5A61E19BDCA005F1B2C /* WeatherController.swift */ = {isa = PBXFileReference; fileEncoding = 4; lastKnownFileType = sourcecode.swift; path = WeatherController.swift; sourceTree = "<group>"; };
		3FE8AC661E3CE1C90062A47B /* UserDataController.swift */ = {isa = PBXFileReference; fileEncoding = 4; lastKnownFileType = sourcecode.swift; path = UserDataController.swift; sourceTree = "<group>"; };
		3FEC86661E05C61500C2886F /* WheatHerApp.app */ = {isa = PBXFileReference; explicitFileType = wrapper.application; includeInIndex = 0; path = WheatHerApp.app; sourceTree = BUILT_PRODUCTS_DIR; };
		3FEC86691E05C61500C2886F /* AppDelegate.swift */ = {isa = PBXFileReference; lastKnownFileType = sourcecode.swift; path = AppDelegate.swift; sourceTree = "<group>"; };
		3FEC866B1E05C61500C2886F /* ViewController.swift */ = {isa = PBXFileReference; lastKnownFileType = sourcecode.swift; path = ViewController.swift; sourceTree = "<group>"; };
		3FEC866E1E05C61500C2886F /* Base */ = {isa = PBXFileReference; lastKnownFileType = file.storyboard; name = Base; path = Base.lproj/Main.storyboard; sourceTree = "<group>"; };
		3FEC86711E05C61500C2886F /* WheatHerApp.xcdatamodel */ = {isa = PBXFileReference; lastKnownFileType = wrapper.xcdatamodel; path = WheatHerApp.xcdatamodel; sourceTree = "<group>"; };
		3FEC86731E05C61500C2886F /* Assets.xcassets */ = {isa = PBXFileReference; lastKnownFileType = folder.assetcatalog; path = Assets.xcassets; sourceTree = "<group>"; };
		3FEC86761E05C61500C2886F /* Base */ = {isa = PBXFileReference; lastKnownFileType = file.storyboard; name = Base; path = Base.lproj/LaunchScreen.storyboard; sourceTree = "<group>"; };
		3FEC86781E05C61500C2886F /* Info.plist */ = {isa = PBXFileReference; lastKnownFileType = text.plist.xml; path = Info.plist; sourceTree = "<group>"; };
		3FEC867D1E05C61600C2886F /* WheatHerAppTests.xctest */ = {isa = PBXFileReference; explicitFileType = wrapper.cfbundle; includeInIndex = 0; path = WheatHerAppTests.xctest; sourceTree = BUILT_PRODUCTS_DIR; };
		3FEC86811E05C61600C2886F /* WheatHerAppTests.swift */ = {isa = PBXFileReference; lastKnownFileType = sourcecode.swift; path = WheatHerAppTests.swift; sourceTree = "<group>"; };
		3FEC86831E05C61600C2886F /* Info.plist */ = {isa = PBXFileReference; lastKnownFileType = text.plist.xml; path = Info.plist; sourceTree = "<group>"; };
		3FEC86881E05C61600C2886F /* WheatHerAppUITests.xctest */ = {isa = PBXFileReference; explicitFileType = wrapper.cfbundle; includeInIndex = 0; path = WheatHerAppUITests.xctest; sourceTree = BUILT_PRODUCTS_DIR; };
		3FEC868C1E05C61600C2886F /* WheatHerAppUITests.swift */ = {isa = PBXFileReference; lastKnownFileType = sourcecode.swift; path = WheatHerAppUITests.swift; sourceTree = "<group>"; };
		3FEC868E1E05C61600C2886F /* Info.plist */ = {isa = PBXFileReference; lastKnownFileType = text.plist.xml; path = Info.plist; sourceTree = "<group>"; };
		3FEC86A51E05E8EE00C2886F /* WeekDaysEnum.swift */ = {isa = PBXFileReference; fileEncoding = 4; lastKnownFileType = sourcecode.swift; path = WeekDaysEnum.swift; sourceTree = "<group>"; };
		3FEC86A71E05F51200C2886F /* FirstScreenView.swift */ = {isa = PBXFileReference; fileEncoding = 4; lastKnownFileType = sourcecode.swift; path = FirstScreenView.swift; sourceTree = "<group>"; };
		3FEC86AF1E095B6100C2886F /* WhetherData.json */ = {isa = PBXFileReference; fileEncoding = 4; lastKnownFileType = text.json; name = WhetherData.json; path = WheatHerApp/WhetherData.json; sourceTree = SOURCE_ROOT; };
		3FEC86B41E09613100C2886F /* MappingDataJSONToModel.swift */ = {isa = PBXFileReference; fileEncoding = 4; lastKnownFileType = sourcecode.swift; path = MappingDataJSONToModel.swift; sourceTree = "<group>"; };
		3FEC86B61E09B68100C2886F /* JSONCustomParser.swift */ = {isa = PBXFileReference; fileEncoding = 4; lastKnownFileType = sourcecode.swift; path = JSONCustomParser.swift; sourceTree = "<group>"; };
		3FF66B7E1E312D40001AC49D /* Backgroundmanager.swift */ = {isa = PBXFileReference; fileEncoding = 4; lastKnownFileType = sourcecode.swift; path = Backgroundmanager.swift; sourceTree = "<group>"; };
		3FFBE9A01E1C0CE0009373BA /* CustomTableViewController.swift */ = {isa = PBXFileReference; fileEncoding = 4; lastKnownFileType = sourcecode.swift; path = CustomTableViewController.swift; sourceTree = "<group>"; };
		3FFBE9A41E20F124009373BA /* CacheManager.swift */ = {isa = PBXFileReference; fileEncoding = 4; lastKnownFileType = sourcecode.swift; path = CacheManager.swift; sourceTree = "<group>"; };
		3FFBE9A91E2A85DA009373BA /* NetowrkDataErors.swift */ = {isa = PBXFileReference; fileEncoding = 4; lastKnownFileType = sourcecode.swift; path = NetowrkDataErors.swift; sourceTree = "<group>"; };
/* End PBXFileReference section */

/* Begin PBXFrameworksBuildPhase section */
		3FEC86631E05C61500C2886F /* Frameworks */ = {
			isa = PBXFrameworksBuildPhase;
			buildActionMask = 2147483647;
			files = (
				3FD8317F1E43762D008B0395 /* Realm.framework in Frameworks */,
				3FA5EECC1E3CB60B0094DE0A /* Charts.framework in Frameworks */,
				3FD831831E437664008B0395 /* RealmSwift.framework in Frameworks */,
				3F3321691E340C29003D5855 /* CoreLocation.framework in Frameworks */,
			);
			runOnlyForDeploymentPostprocessing = 0;
		};
		3FEC867A1E05C61600C2886F /* Frameworks */ = {
			isa = PBXFrameworksBuildPhase;
			buildActionMask = 2147483647;
			files = (
				3FD831841E437664008B0395 /* RealmSwift.framework in Frameworks */,
				3FD831801E43762D008B0395 /* Realm.framework in Frameworks */,
			);
			runOnlyForDeploymentPostprocessing = 0;
		};
		3FEC86851E05C61600C2886F /* Frameworks */ = {
			isa = PBXFrameworksBuildPhase;
			buildActionMask = 2147483647;
			files = (
				3FD831851E437664008B0395 /* RealmSwift.framework in Frameworks */,
				3FD831811E43762D008B0395 /* Realm.framework in Frameworks */,
			);
			runOnlyForDeploymentPostprocessing = 0;
		};
/* End PBXFrameworksBuildPhase section */

/* Begin PBXGroup section */
		3F3321591E340B81003D5855 /* Frameworks */ = {
			isa = PBXGroup;
			children = (
				3FA5EEBE1E3CB54D0094DE0A /* ChartsDemo-OSX */,
				3FA5EEBC1E3CB5380094DE0A /* Charts-master */,
				3F3321671E340C10003D5855 /* AudioToolbox.framework */,
				3F3321621E340BC4003D5855 /* AssetsLibrary.framework */,
				3F3321601E340BBB003D5855 /* CoreMIDI.framework */,
				3F33215C1E340B98003D5855 /* CoreMedia.framework */,
				3F33215A1E340B81003D5855 /* CoreLocation.framework */,
			);
			name = Frameworks;
			sourceTree = "<group>";
		};
		3FA5EEC11E3CB5F60094DE0A /* Products */ = {
			isa = PBXGroup;
			children = (
				3FA5EEC71E3CB5F60094DE0A /* Charts.framework */,
				3FA5EEC91E3CB5F60094DE0A /* ChartsRealm.framework */,
				3FA5EECB1E3CB5F60094DE0A /* ChartsTests.xctest */,
			);
			name = Products;
			sourceTree = "<group>";
		};
		3FEC865D1E05C61500C2886F = {
			isa = PBXGroup;
			children = (
				3FFBE9A71E2A85AF009373BA /* Z */,
				3FEC86801E05C61600C2886F /* WheatHerAppTests */,
				3FEC868B1E05C61600C2886F /* WheatHerAppUITests */,
				3FEC86671E05C61500C2886F /* Products */,
				3F3321591E340B81003D5855 /* Frameworks */,
			);
			sourceTree = "<group>";
		};
		3FEC86671E05C61500C2886F /* Products */ = {
			isa = PBXGroup;
			children = (
				3FEC86661E05C61500C2886F /* WheatHerApp.app */,
				3FEC867D1E05C61600C2886F /* WheatHerAppTests.xctest */,
				3FEC86881E05C61600C2886F /* WheatHerAppUITests.xctest */,
			);
			name = Products;
			sourceTree = "<group>";
		};
		3FEC86681E05C61500C2886F /* WheatHerApp */ = {
			isa = PBXGroup;
			children = (
				3FFBE9A81E2A85B8009373BA /* Erors */,
				3FEC86B21E09606600C2886F /* LogicModels */,
				3FEC86AC1E094FB400C2886F /* Data */,
				3FEC86A41E05E8D500C2886F /* Enums */,
				3FEC86A31E05E84700C2886F /* Views */,
				3FEC869E1E05E7C200C2886F /* DataModels */,
				3FEC869B1E05E79400C2886F /* Controllers */,
				3FEC86691E05C61500C2886F /* AppDelegate.swift */,
				3FEC866B1E05C61500C2886F /* ViewController.swift */,
				3FEC866D1E05C61500C2886F /* Main.storyboard */,
				3FD8317E1E43762D008B0395 /* Realm.framework */,
				3FEC86731E05C61500C2886F /* Assets.xcassets */,
				3FD831821E437664008B0395 /* RealmSwift.framework */,
				3FEC86751E05C61500C2886F /* LaunchScreen.storyboard */,
				3FA5EEC01E3CB5F60094DE0A /* Charts.xcodeproj */,
				3FEC86781E05C61500C2886F /* Info.plist */,
				3FEC86701E05C61500C2886F /* WheatHerApp.xcdatamodeld */,
			);
			path = WheatHerApp;
			sourceTree = "<group>";
		};
		3FEC86801E05C61600C2886F /* WheatHerAppTests */ = {
			isa = PBXGroup;
			children = (
				3FEC86811E05C61600C2886F /* WheatHerAppTests.swift */,
				3FEC86831E05C61600C2886F /* Info.plist */,
			);
			path = WheatHerAppTests;
			sourceTree = "<group>";
		};
		3FEC868B1E05C61600C2886F /* WheatHerAppUITests */ = {
			isa = PBXGroup;
			children = (
				3FEC868C1E05C61600C2886F /* WheatHerAppUITests.swift */,
				3FEC868E1E05C61600C2886F /* Info.plist */,
			);
			path = WheatHerAppUITests;
			sourceTree = "<group>";
		};
		3FEC869B1E05E79400C2886F /* Controllers */ = {
			isa = PBXGroup;
			children = (
				3FFBE9A01E1C0CE0009373BA /* CustomTableViewController.swift */,
				3FE2F5A61E19BDCA005F1B2C /* WeatherController.swift */,
				3F6E2A1B1E3E92DB0035AF3D /* ChartManagerController.swift */,
				3F2D49ED1E437ED800458439 /* UserController.swift */,
			);
			name = Controllers;
			sourceTree = "<group>";
		};
		3FEC869E1E05E7C200C2886F /* DataModels */ = {
			isa = PBXGroup;
			children = (
				3F4B617E1E0EC7BA00D6C0E2 /* PAbstractModel.swift */,
				3F4B61821E12F7F300D6C0E2 /* WeatherModel.swift */,
				3F4B61841E13251200D6C0E2 /* DailyWeatherModel.swift */,
				3F2D49E61E437E6D00458439 /* RealmModels.swift */,
			);
			name = DataModels;
			sourceTree = "<group>";
		};
		3FEC86A31E05E84700C2886F /* Views */ = {
			isa = PBXGroup;
			children = (
				3FEC86A71E05F51200C2886F /* FirstScreenView.swift */,
			);
			name = Views;
			sourceTree = "<group>";
		};
		3FEC86A41E05E8D500C2886F /* Enums */ = {
			isa = PBXGroup;
			children = (
				3FEC86A51E05E8EE00C2886F /* WeekDaysEnum.swift */,
			);
			name = Enums;
			sourceTree = "<group>";
		};
		3FEC86AC1E094FB400C2886F /* Data */ = {
			isa = PBXGroup;
			children = (
				3FEC86AF1E095B6100C2886F /* WhetherData.json */,
			);
			name = Data;
			sourceTree = "<group>";
		};
		3FEC86B21E09606600C2886F /* LogicModels */ = {
			isa = PBXGroup;
			children = (
				3FEC86B41E09613100C2886F /* MappingDataJSONToModel.swift */,
				3FEC86B61E09B68100C2886F /* JSONCustomParser.swift */,
				3F4B61801E10340700D6C0E2 /* JSONDeliverer.swift */,
				3FFBE9A41E20F124009373BA /* CacheManager.swift */,
				3FF66B7E1E312D40001AC49D /* Backgroundmanager.swift */,
				3F2D49EB1E437E8B00458439 /* RealmWriter.swift */,
			);
			name = LogicModels;
			sourceTree = "<group>";
		};
		3FFBE9A71E2A85AF009373BA /* Z */ = {
			isa = PBXGroup;
			children = (
				3FEC86681E05C61500C2886F /* WheatHerApp */,
			);
			name = Z;
			sourceTree = "<group>";
		};
		3FFBE9A81E2A85B8009373BA /* Erors */ = {
			isa = PBXGroup;
			children = (
				3FFBE9A91E2A85DA009373BA /* NetowrkDataErors.swift */,
			);
			name = Erors;
			sourceTree = "<group>";
		};
/* End PBXGroup section */

/* Begin PBXNativeTarget section */
		3FEC86651E05C61500C2886F /* WheatHerApp */ = {
			isa = PBXNativeTarget;
			buildConfigurationList = 3FEC86911E05C61600C2886F /* Build configuration list for PBXNativeTarget "WheatHerApp" */;
			buildPhases = (
				3FEC86621E05C61500C2886F /* Sources */,
				3FEC86631E05C61500C2886F /* Frameworks */,
				3FEC86641E05C61500C2886F /* Resources */,
			);
			buildRules = (
			);
			dependencies = (
			);
			name = WheatHerApp;
			productName = WheatHerApp;
			productReference = 3FEC86661E05C61500C2886F /* WheatHerApp.app */;
			productType = "com.apple.product-type.application";
		};
		3FEC867C1E05C61600C2886F /* WheatHerAppTests */ = {
			isa = PBXNativeTarget;
			buildConfigurationList = 3FEC86941E05C61600C2886F /* Build configuration list for PBXNativeTarget "WheatHerAppTests" */;
			buildPhases = (
				3FEC86791E05C61600C2886F /* Sources */,
				3FEC867A1E05C61600C2886F /* Frameworks */,
				3FEC867B1E05C61600C2886F /* Resources */,
			);
			buildRules = (
			);
			dependencies = (
				3FEC867F1E05C61600C2886F /* PBXTargetDependency */,
			);
			name = WheatHerAppTests;
			productName = WheatHerAppTests;
			productReference = 3FEC867D1E05C61600C2886F /* WheatHerAppTests.xctest */;
			productType = "com.apple.product-type.bundle.unit-test";
		};
		3FEC86871E05C61600C2886F /* WheatHerAppUITests */ = {
			isa = PBXNativeTarget;
			buildConfigurationList = 3FEC86971E05C61600C2886F /* Build configuration list for PBXNativeTarget "WheatHerAppUITests" */;
			buildPhases = (
				3FEC86841E05C61600C2886F /* Sources */,
				3FEC86851E05C61600C2886F /* Frameworks */,
				3FEC86861E05C61600C2886F /* Resources */,
			);
			buildRules = (
			);
			dependencies = (
				3FEC868A1E05C61600C2886F /* PBXTargetDependency */,
			);
			name = WheatHerAppUITests;
			productName = WheatHerAppUITests;
			productReference = 3FEC86881E05C61600C2886F /* WheatHerAppUITests.xctest */;
			productType = "com.apple.product-type.bundle.ui-testing";
		};
/* End PBXNativeTarget section */

/* Begin PBXProject section */
		3FEC865E1E05C61500C2886F /* Project object */ = {
			isa = PBXProject;
			attributes = {
				LastSwiftUpdateCheck = 0820;
				LastUpgradeCheck = 0820;
				ORGANIZATIONNAME = Student;
				TargetAttributes = {
					3FEC86651E05C61500C2886F = {
						CreatedOnToolsVersion = 8.2;
						ProvisioningStyle = Automatic;
					};
					3FEC867C1E05C61600C2886F = {
						CreatedOnToolsVersion = 8.2;
						ProvisioningStyle = Automatic;
						TestTargetID = 3FEC86651E05C61500C2886F;
					};
					3FEC86871E05C61600C2886F = {
						CreatedOnToolsVersion = 8.2;
						ProvisioningStyle = Automatic;
						TestTargetID = 3FEC86651E05C61500C2886F;
					};
				};
			};
			buildConfigurationList = 3FEC86611E05C61500C2886F /* Build configuration list for PBXProject "WheatHerApp" */;
			compatibilityVersion = "Xcode 3.2";
			developmentRegion = English;
			hasScannedForEncodings = 0;
			knownRegions = (
				en,
				Base,
			);
			mainGroup = 3FEC865D1E05C61500C2886F;
			productRefGroup = 3FEC86671E05C61500C2886F /* Products */;
			projectDirPath = "";
			projectReferences = (
				{
					ProductGroup = 3FA5EEC11E3CB5F60094DE0A /* Products */;
					ProjectRef = 3FA5EEC01E3CB5F60094DE0A /* Charts.xcodeproj */;
				},
			);
			projectRoot = "";
			targets = (
				3FEC86651E05C61500C2886F /* WheatHerApp */,
				3FEC867C1E05C61600C2886F /* WheatHerAppTests */,
				3FEC86871E05C61600C2886F /* WheatHerAppUITests */,
			);
		};
/* End PBXProject section */

/* Begin PBXReferenceProxy section */
		3FA5EEC71E3CB5F60094DE0A /* Charts.framework */ = {
			isa = PBXReferenceProxy;
			fileType = wrapper.framework;
			path = Charts.framework;
			remoteRef = 3FA5EEC61E3CB5F60094DE0A /* PBXContainerItemProxy */;
			sourceTree = BUILT_PRODUCTS_DIR;
		};
		3FA5EEC91E3CB5F60094DE0A /* ChartsRealm.framework */ = {
			isa = PBXReferenceProxy;
			fileType = wrapper.framework;
			path = ChartsRealm.framework;
			remoteRef = 3FA5EEC81E3CB5F60094DE0A /* PBXContainerItemProxy */;
			sourceTree = BUILT_PRODUCTS_DIR;
		};
		3FA5EECB1E3CB5F60094DE0A /* ChartsTests.xctest */ = {
			isa = PBXReferenceProxy;
			fileType = wrapper.cfbundle;
			path = ChartsTests.xctest;
			remoteRef = 3FA5EECA1E3CB5F60094DE0A /* PBXContainerItemProxy */;
			sourceTree = BUILT_PRODUCTS_DIR;
		};
/* End PBXReferenceProxy section */

/* Begin PBXResourcesBuildPhase section */
		3FEC86641E05C61500C2886F /* Resources */ = {
			isa = PBXResourcesBuildPhase;
			buildActionMask = 2147483647;
			files = (
				3FEC86771E05C61500C2886F /* LaunchScreen.storyboard in Resources */,
				3FEC86B01E095B6100C2886F /* WhetherData.json in Resources */,
				3FEC86741E05C61500C2886F /* Assets.xcassets in Resources */,
				3FEC866F1E05C61500C2886F /* Main.storyboard in Resources */,
			);
			runOnlyForDeploymentPostprocessing = 0;
		};
		3FEC867B1E05C61600C2886F /* Resources */ = {
			isa = PBXResourcesBuildPhase;
			buildActionMask = 2147483647;
			files = (
			);
			runOnlyForDeploymentPostprocessing = 0;
		};
		3FEC86861E05C61600C2886F /* Resources */ = {
			isa = PBXResourcesBuildPhase;
			buildActionMask = 2147483647;
			files = (
			);
			runOnlyForDeploymentPostprocessing = 0;
		};
/* End PBXResourcesBuildPhase section */

/* Begin PBXSourcesBuildPhase section */
		3FEC86621E05C61500C2886F /* Sources */ = {
			isa = PBXSourcesBuildPhase;
			buildActionMask = 2147483647;
			files = (
				3FE8AC671E3CE1C90062A47B /* UserDataController.swift in Sources */,
				3FFBE9A11E1C0CE0009373BA /* CustomTableViewController.swift in Sources */,
				3F4B61811E10340700D6C0E2 /* JSONDeliverer.swift in Sources */,
				3F2D49E71E437E6D00458439 /* RealmModels.swift in Sources */,
				3FFBE9AA1E2A85DA009373BA /* NetowrkDataErors.swift in Sources */,
				3FEC866C1E05C61500C2886F /* ViewController.swift in Sources */,
				3F6E2A1C1E3E92DB0035AF3D /* ChartManagerController.swift in Sources */,
				3FE2F5A71E19BDCA005F1B2C /* WeatherController.swift in Sources */,
				3FEC86721E05C61500C2886F /* WheatHerApp.xcdatamodeld in Sources */,
				3F4B61851E13251200D6C0E2 /* DailyWeatherModel.swift in Sources */,
				3FFBE9A51E20F124009373BA /* CacheManager.swift in Sources */,
				3FEC866A1E05C61500C2886F /* AppDelegate.swift in Sources */,
				3F4B61831E12F7F300D6C0E2 /* WeatherModel.swift in Sources */,
				3FEC86B51E09613100C2886F /* MappingDataJSONToModel.swift in Sources */,
				3F2D49EC1E437E8B00458439 /* RealmWriter.swift in Sources */,
				3F4B617F1E0EC7BA00D6C0E2 /* PAbstractModel.swift in Sources */,
				3FEC86A81E05F51200C2886F /* FirstScreenView.swift in Sources */,
				3FF66B7F1E312D40001AC49D /* Backgroundmanager.swift in Sources */,
				3F2D49EE1E437ED800458439 /* UserController.swift in Sources */,
				3FEC86A61E05E8EE00C2886F /* WeekDaysEnum.swift in Sources */,
				3FEC86B71E09B68100C2886F /* JSONCustomParser.swift in Sources */,
			);
			runOnlyForDeploymentPostprocessing = 0;
		};
		3FEC86791E05C61600C2886F /* Sources */ = {
			isa = PBXSourcesBuildPhase;
			buildActionMask = 2147483647;
			files = (
				3FEC86821E05C61600C2886F /* WheatHerAppTests.swift in Sources */,
			);
			runOnlyForDeploymentPostprocessing = 0;
		};
		3FEC86841E05C61600C2886F /* Sources */ = {
			isa = PBXSourcesBuildPhase;
			buildActionMask = 2147483647;
			files = (
				3FEC868D1E05C61600C2886F /* WheatHerAppUITests.swift in Sources */,
			);
			runOnlyForDeploymentPostprocessing = 0;
		};
/* End PBXSourcesBuildPhase section */

/* Begin PBXTargetDependency section */
		3FEC867F1E05C61600C2886F /* PBXTargetDependency */ = {
			isa = PBXTargetDependency;
			target = 3FEC86651E05C61500C2886F /* WheatHerApp */;
			targetProxy = 3FEC867E1E05C61600C2886F /* PBXContainerItemProxy */;
		};
		3FEC868A1E05C61600C2886F /* PBXTargetDependency */ = {
			isa = PBXTargetDependency;
			target = 3FEC86651E05C61500C2886F /* WheatHerApp */;
			targetProxy = 3FEC86891E05C61600C2886F /* PBXContainerItemProxy */;
		};
/* End PBXTargetDependency section */

/* Begin PBXVariantGroup section */
		3FEC866D1E05C61500C2886F /* Main.storyboard */ = {
			isa = PBXVariantGroup;
			children = (
				3FEC866E1E05C61500C2886F /* Base */,
			);
			name = Main.storyboard;
			sourceTree = "<group>";
		};
		3FEC86751E05C61500C2886F /* LaunchScreen.storyboard */ = {
			isa = PBXVariantGroup;
			children = (
				3FEC86761E05C61500C2886F /* Base */,
			);
			name = LaunchScreen.storyboard;
			sourceTree = "<group>";
		};
/* End PBXVariantGroup section */

/* Begin XCBuildConfiguration section */
		3FEC868F1E05C61600C2886F /* Debug */ = {
			isa = XCBuildConfiguration;
			buildSettings = {
				ALWAYS_SEARCH_USER_PATHS = NO;
				CLANG_ANALYZER_NONNULL = YES;
				CLANG_CXX_LANGUAGE_STANDARD = "gnu++0x";
				CLANG_CXX_LIBRARY = "libc++";
				CLANG_ENABLE_MODULES = YES;
				CLANG_ENABLE_OBJC_ARC = YES;
				CLANG_WARN_BOOL_CONVERSION = YES;
				CLANG_WARN_CONSTANT_CONVERSION = YES;
				CLANG_WARN_DIRECT_OBJC_ISA_USAGE = YES_ERROR;
				CLANG_WARN_DOCUMENTATION_COMMENTS = YES;
				CLANG_WARN_EMPTY_BODY = YES;
				CLANG_WARN_ENUM_CONVERSION = YES;
				CLANG_WARN_INFINITE_RECURSION = YES;
				CLANG_WARN_INT_CONVERSION = YES;
				CLANG_WARN_OBJC_ROOT_CLASS = YES_ERROR;
				CLANG_WARN_SUSPICIOUS_MOVE = YES;
				CLANG_WARN_UNREACHABLE_CODE = YES;
				CLANG_WARN__DUPLICATE_METHOD_MATCH = YES;
				"CODE_SIGN_IDENTITY[sdk=iphoneos*]" = "iPhone Developer";
				COPY_PHASE_STRIP = NO;
				DEBUG_INFORMATION_FORMAT = dwarf;
				ENABLE_STRICT_OBJC_MSGSEND = YES;
				ENABLE_TESTABILITY = YES;
				GCC_C_LANGUAGE_STANDARD = gnu99;
				GCC_DYNAMIC_NO_PIC = NO;
				GCC_NO_COMMON_BLOCKS = YES;
				GCC_OPTIMIZATION_LEVEL = 0;
				GCC_PREPROCESSOR_DEFINITIONS = (
					"DEBUG=1",
					"$(inherited)",
				);
				GCC_WARN_64_TO_32_BIT_CONVERSION = YES;
				GCC_WARN_ABOUT_RETURN_TYPE = YES_ERROR;
				GCC_WARN_UNDECLARED_SELECTOR = YES;
				GCC_WARN_UNINITIALIZED_AUTOS = YES_AGGRESSIVE;
				GCC_WARN_UNUSED_FUNCTION = YES;
				GCC_WARN_UNUSED_VARIABLE = YES;
				IPHONEOS_DEPLOYMENT_TARGET = 10.2;
				MTL_ENABLE_DEBUG_INFO = YES;
				ONLY_ACTIVE_ARCH = YES;
				SDKROOT = iphoneos;
				SWIFT_ACTIVE_COMPILATION_CONDITIONS = DEBUG;
				SWIFT_OPTIMIZATION_LEVEL = "-Onone";
				TARGETED_DEVICE_FAMILY = "1,2";
			};
			name = Debug;
		};
		3FEC86901E05C61600C2886F /* Release */ = {
			isa = XCBuildConfiguration;
			buildSettings = {
				ALWAYS_SEARCH_USER_PATHS = NO;
				CLANG_ANALYZER_NONNULL = YES;
				CLANG_CXX_LANGUAGE_STANDARD = "gnu++0x";
				CLANG_CXX_LIBRARY = "libc++";
				CLANG_ENABLE_MODULES = YES;
				CLANG_ENABLE_OBJC_ARC = YES;
				CLANG_WARN_BOOL_CONVERSION = YES;
				CLANG_WARN_CONSTANT_CONVERSION = YES;
				CLANG_WARN_DIRECT_OBJC_ISA_USAGE = YES_ERROR;
				CLANG_WARN_DOCUMENTATION_COMMENTS = YES;
				CLANG_WARN_EMPTY_BODY = YES;
				CLANG_WARN_ENUM_CONVERSION = YES;
				CLANG_WARN_INFINITE_RECURSION = YES;
				CLANG_WARN_INT_CONVERSION = YES;
				CLANG_WARN_OBJC_ROOT_CLASS = YES_ERROR;
				CLANG_WARN_SUSPICIOUS_MOVE = YES;
				CLANG_WARN_UNREACHABLE_CODE = YES;
				CLANG_WARN__DUPLICATE_METHOD_MATCH = YES;
				"CODE_SIGN_IDENTITY[sdk=iphoneos*]" = "iPhone Developer";
				COPY_PHASE_STRIP = NO;
				DEBUG_INFORMATION_FORMAT = "dwarf-with-dsym";
				ENABLE_NS_ASSERTIONS = NO;
				ENABLE_STRICT_OBJC_MSGSEND = YES;
				GCC_C_LANGUAGE_STANDARD = gnu99;
				GCC_NO_COMMON_BLOCKS = YES;
				GCC_WARN_64_TO_32_BIT_CONVERSION = YES;
				GCC_WARN_ABOUT_RETURN_TYPE = YES_ERROR;
				GCC_WARN_UNDECLARED_SELECTOR = YES;
				GCC_WARN_UNINITIALIZED_AUTOS = YES_AGGRESSIVE;
				GCC_WARN_UNUSED_FUNCTION = YES;
				GCC_WARN_UNUSED_VARIABLE = YES;
				IPHONEOS_DEPLOYMENT_TARGET = 10.2;
				MTL_ENABLE_DEBUG_INFO = NO;
				SDKROOT = iphoneos;
				SWIFT_OPTIMIZATION_LEVEL = "-Owholemodule";
				TARGETED_DEVICE_FAMILY = "1,2";
				VALIDATE_PRODUCT = YES;
			};
			name = Release;
		};
		3FEC86921E05C61600C2886F /* Debug */ = {
			isa = XCBuildConfiguration;
			buildSettings = {
				ASSETCATALOG_COMPILER_APPICON_NAME = AppIcon;
				FRAMEWORK_SEARCH_PATHS = (
					"$(inherited)",
					"$(PROJECT_DIR)/WheatHerApp",
				);
				INFOPLIST_FILE = WheatHerApp/Info.plist;
				LD_RUNPATH_SEARCH_PATHS = "$(inherited) @executable_path/Frameworks";
				PRODUCT_BUNDLE_IDENTIFIER = "MacAcademy-OutsourceBg.WheatHerApp";
				PRODUCT_NAME = "$(TARGET_NAME)";
				SWIFT_VERSION = 3.0;
			};
			name = Debug;
		};
		3FEC86931E05C61600C2886F /* Release */ = {
			isa = XCBuildConfiguration;
			buildSettings = {
				ASSETCATALOG_COMPILER_APPICON_NAME = AppIcon;
				FRAMEWORK_SEARCH_PATHS = (
					"$(inherited)",
					"$(PROJECT_DIR)/WheatHerApp",
				);
				INFOPLIST_FILE = WheatHerApp/Info.plist;
				LD_RUNPATH_SEARCH_PATHS = "$(inherited) @executable_path/Frameworks";
				PRODUCT_BUNDLE_IDENTIFIER = "MacAcademy-OutsourceBg.WheatHerApp";
				PRODUCT_NAME = "$(TARGET_NAME)";
				SWIFT_VERSION = 3.0;
			};
			name = Release;
		};
		3FEC86951E05C61600C2886F /* Debug */ = {
			isa = XCBuildConfiguration;
			buildSettings = {
				ALWAYS_EMBED_SWIFT_STANDARD_LIBRARIES = YES;
				BUNDLE_LOADER = "$(TEST_HOST)";
				FRAMEWORK_SEARCH_PATHS = (
					"$(inherited)",
					"$(PROJECT_DIR)/WheatHerApp",
				);
				INFOPLIST_FILE = WheatHerAppTests/Info.plist;
				LD_RUNPATH_SEARCH_PATHS = "$(inherited) @executable_path/Frameworks @loader_path/Frameworks";
				PRODUCT_BUNDLE_IDENTIFIER = "MacAcademy-OutsourceBg.WheatHerAppTests";
				PRODUCT_NAME = "$(TARGET_NAME)";
				SWIFT_VERSION = 3.0;
				TEST_HOST = "$(BUILT_PRODUCTS_DIR)/WheatHerApp.app/WheatHerApp";
			};
			name = Debug;
		};
		3FEC86961E05C61600C2886F /* Release */ = {
			isa = XCBuildConfiguration;
			buildSettings = {
				ALWAYS_EMBED_SWIFT_STANDARD_LIBRARIES = YES;
				BUNDLE_LOADER = "$(TEST_HOST)";
				FRAMEWORK_SEARCH_PATHS = (
					"$(inherited)",
					"$(PROJECT_DIR)/WheatHerApp",
				);
				INFOPLIST_FILE = WheatHerAppTests/Info.plist;
				LD_RUNPATH_SEARCH_PATHS = "$(inherited) @executable_path/Frameworks @loader_path/Frameworks";
				PRODUCT_BUNDLE_IDENTIFIER = "MacAcademy-OutsourceBg.WheatHerAppTests";
				PRODUCT_NAME = "$(TARGET_NAME)";
				SWIFT_VERSION = 3.0;
				TEST_HOST = "$(BUILT_PRODUCTS_DIR)/WheatHerApp.app/WheatHerApp";
			};
			name = Release;
		};
		3FEC86981E05C61600C2886F /* Debug */ = {
			isa = XCBuildConfiguration;
			buildSettings = {
				ALWAYS_EMBED_SWIFT_STANDARD_LIBRARIES = YES;
				FRAMEWORK_SEARCH_PATHS = (
					"$(inherited)",
					"$(PROJECT_DIR)/WheatHerApp",
				);
				INFOPLIST_FILE = WheatHerAppUITests/Info.plist;
				LD_RUNPATH_SEARCH_PATHS = "$(inherited) @executable_path/Frameworks @loader_path/Frameworks";
				PRODUCT_BUNDLE_IDENTIFIER = "MacAcademy-OutsourceBg.WheatHerAppUITests";
				PRODUCT_NAME = "$(TARGET_NAME)";
				SWIFT_VERSION = 3.0;
				TEST_TARGET_NAME = WheatHerApp;
			};
			name = Debug;
		};
		3FEC86991E05C61600C2886F /* Release */ = {
			isa = XCBuildConfiguration;
			buildSettings = {
				ALWAYS_EMBED_SWIFT_STANDARD_LIBRARIES = YES;
				FRAMEWORK_SEARCH_PATHS = (
					"$(inherited)",
					"$(PROJECT_DIR)/WheatHerApp",
				);
				INFOPLIST_FILE = WheatHerAppUITests/Info.plist;
				LD_RUNPATH_SEARCH_PATHS = "$(inherited) @executable_path/Frameworks @loader_path/Frameworks";
				PRODUCT_BUNDLE_IDENTIFIER = "MacAcademy-OutsourceBg.WheatHerAppUITests";
				PRODUCT_NAME = "$(TARGET_NAME)";
				SWIFT_VERSION = 3.0;
				TEST_TARGET_NAME = WheatHerApp;
			};
			name = Release;
		};
/* End XCBuildConfiguration section */

/* Begin XCConfigurationList section */
		3FEC86611E05C61500C2886F /* Build configuration list for PBXProject "WheatHerApp" */ = {
			isa = XCConfigurationList;
			buildConfigurations = (
				3FEC868F1E05C61600C2886F /* Debug */,
				3FEC86901E05C61600C2886F /* Release */,
			);
			defaultConfigurationIsVisible = 0;
			defaultConfigurationName = Release;
		};
		3FEC86911E05C61600C2886F /* Build configuration list for PBXNativeTarget "WheatHerApp" */ = {
			isa = XCConfigurationList;
			buildConfigurations = (
				3FEC86921E05C61600C2886F /* Debug */,
				3FEC86931E05C61600C2886F /* Release */,
			);
			defaultConfigurationIsVisible = 0;
			defaultConfigurationName = Release;
		};
		3FEC86941E05C61600C2886F /* Build configuration list for PBXNativeTarget "WheatHerAppTests" */ = {
			isa = XCConfigurationList;
			buildConfigurations = (
				3FEC86951E05C61600C2886F /* Debug */,
				3FEC86961E05C61600C2886F /* Release */,
			);
			defaultConfigurationIsVisible = 0;
			defaultConfigurationName = Release;
		};
		3FEC86971E05C61600C2886F /* Build configuration list for PBXNativeTarget "WheatHerAppUITests" */ = {
			isa = XCConfigurationList;
			buildConfigurations = (
				3FEC86981E05C61600C2886F /* Debug */,
				3FEC86991E05C61600C2886F /* Release */,
			);
			defaultConfigurationIsVisible = 0;
			defaultConfigurationName = Release;
		};
/* End XCConfigurationList section */

/* Begin XCVersionGroup section */
		3FEC86701E05C61500C2886F /* WheatHerApp.xcdatamodeld */ = {
			isa = XCVersionGroup;
			children = (
				3FEC86711E05C61500C2886F /* WheatHerApp.xcdatamodel */,
			);
			currentVersion = 3FEC86711E05C61500C2886F /* WheatHerApp.xcdatamodel */;
			path = WheatHerApp.xcdatamodeld;
			sourceTree = "<group>";
			versionGroupType = wrapper.xcdatamodel;
		};
/* End XCVersionGroup section */
	};
	rootObject = 3FEC865E1E05C61500C2886F /* Project object */;
}
